// !$*UTF8*$!
{
	archiveVersion = 1;
	classes = {
	};
	objectVersion = 50;
	objects = {

/* Begin PBXBuildFile section */
		2D5B94EF256B93F5003DF4EB /* AppDelegate.swift in Sources */ = {isa = PBXBuildFile; fileRef = 2D5B94EE256B93F5003DF4EB /* AppDelegate.swift */; };
		2D5B94F1256B93F5003DF4EB /* SceneDelegate.swift in Sources */ = {isa = PBXBuildFile; fileRef = 2D5B94F0256B93F5003DF4EB /* SceneDelegate.swift */; };
		2D5B94F3256B93F5003DF4EB /* ViewController.swift in Sources */ = {isa = PBXBuildFile; fileRef = 2D5B94F2256B93F5003DF4EB /* ViewController.swift */; };
		2D5B94F6256B93F5003DF4EB /* Main.storyboard in Resources */ = {isa = PBXBuildFile; fileRef = 2D5B94F4256B93F5003DF4EB /* Main.storyboard */; };
		2D5B94F9256B93F5003DF4EB /* TestGithub.xcdatamodeld in Sources */ = {isa = PBXBuildFile; fileRef = 2D5B94F7256B93F5003DF4EB /* TestGithub.xcdatamodeld */; };
		2D5B94FB256B93F8003DF4EB /* Assets.xcassets in Resources */ = {isa = PBXBuildFile; fileRef = 2D5B94FA256B93F8003DF4EB /* Assets.xcassets */; };
		2D5B94FE256B93F8003DF4EB /* LaunchScreen.storyboard in Resources */ = {isa = PBXBuildFile; fileRef = 2D5B94FC256B93F8003DF4EB /* LaunchScreen.storyboard */; };
/* End PBXBuildFile section */

/* Begin PBXFileReference section */
		2D5B94EB256B93F5003DF4EB /* TestGithub.app */ = {isa = PBXFileReference; explicitFileType = wrapper.application; includeInIndex = 0; path = TestGithub.app; sourceTree = BUILT_PRODUCTS_DIR; };
		2D5B94EE256B93F5003DF4EB /* AppDelegate.swift */ = {isa = PBXFileReference; lastKnownFileType = sourcecode.swift; path = AppDelegate.swift; sourceTree = "<group>"; };
		2D5B94F0256B93F5003DF4EB /* SceneDelegate.swift */ = {isa = PBXFileReference; lastKnownFileType = sourcecode.swift; path = SceneDelegate.swift; sourceTree = "<group>"; };
		2D5B94F2256B93F5003DF4EB /* ViewController.swift */ = {isa = PBXFileReference; lastKnownFileType = sourcecode.swift; path = ViewController.swift; sourceTree = "<group>"; };
		2D5B94F5256B93F5003DF4EB /* Base */ = {isa = PBXFileReference; lastKnownFileType = file.storyboard; name = Base; path = Base.lproj/Main.storyboard; sourceTree = "<group>"; };
		2D5B94F8256B93F5003DF4EB /* TestGithub.xcdatamodel */ = {isa = PBXFileReference; lastKnownFileType = wrapper.xcdatamodel; path = TestGithub.xcdatamodel; sourceTree = "<group>"; };
		2D5B94FA256B93F8003DF4EB /* Assets.xcassets */ = {isa = PBXFileReference; lastKnownFileType = folder.assetcatalog; path = Assets.xcassets; sourceTree = "<group>"; };
		2D5B94FD256B93F8003DF4EB /* Base */ = {isa = PBXFileReference; lastKnownFileType = file.storyboard; name = Base; path = Base.lproj/LaunchScreen.storyboard; sourceTree = "<group>"; };
		2D5B94FF256B93F8003DF4EB /* Info.plist */ = {isa = PBXFileReference; lastKnownFileType = text.plist.xml; path = Info.plist; sourceTree = "<group>"; };
/* End PBXFileReference section */

/* Begin PBXFrameworksBuildPhase section */
		2D5B94E8256B93F5003DF4EB /* Frameworks */ = {
			isa = PBXFrameworksBuildPhase;
			buildActionMask = 2147483647;
			files = (
			);
			runOnlyForDeploymentPostprocessing = 0;
		};
/* End PBXFrameworksBuildPhase section */

/* Begin PBXGroup section */
		2D5B94E2256B93F5003DF4EB = {
			isa = PBXGroup;
			children = (
				2D5B94ED256B93F5003DF4EB /* TestGithub */,
				2D5B94EC256B93F5003DF4EB /* Products */,
			);
			sourceTree = "<group>";
		};
		2D5B94EC256B93F5003DF4EB /* Products */ = {
			isa = PBXGroup;
			children = (
				2D5B94EB256B93F5003DF4EB /* TestGithub.app */,
			);
			name = Products;
			sourceTree = "<group>";
		};
		2D5B94ED256B93F5003DF4EB /* TestGithub */ = {
			isa = PBXGroup;
			children = (
				2D5B94EE256B93F5003DF4EB /* AppDelegate.swift */,
				2D5B94F0256B93F5003DF4EB /* SceneDelegate.swift */,
				2D5B94F2256B93F5003DF4EB /* ViewController.swift */,
				2D5B94F4256B93F5003DF4EB /* Main.storyboard */,
				2D5B94FA256B93F8003DF4EB /* Assets.xcassets */,
				2D5B94FC256B93F8003DF4EB /* LaunchScreen.storyboard */,
				2D5B94FF256B93F8003DF4EB /* Info.plist */,
				2D5B94F7256B93F5003DF4EB /* TestGithub.xcdatamodeld */,
			);
			path = TestGithub;
			sourceTree = "<group>";
		};
/* End PBXGroup section */

/* Begin PBXNativeTarget section */
		2D5B94EA256B93F5003DF4EB /* TestGithub */ = {
			isa = PBXNativeTarget;
			buildConfigurationList = 2D5B9502256B93F8003DF4EB /* Build configuration list for PBXNativeTarget "TestGithub" */;
			buildPhases = (
				2D5B94E7256B93F5003DF4EB /* Sources */,
				2D5B94E8256B93F5003DF4EB /* Frameworks */,
				2D5B94E9256B93F5003DF4EB /* Resources */,
			);
			buildRules = (
			);
			dependencies = (
			);
			name = TestGithub;
			productName = TestGithub;
			productReference = 2D5B94EB256B93F5003DF4EB /* TestGithub.app */;
			productType = "com.apple.product-type.application";
		};
/* End PBXNativeTarget section */

/* Begin PBXProject section */
		2D5B94E3256B93F5003DF4EB /* Project object */ = {
			isa = PBXProject;
			attributes = {
				LastSwiftUpdateCheck = 1210;
				LastUpgradeCheck = 1210;
				TargetAttributes = {
					2D5B94EA256B93F5003DF4EB = {
						CreatedOnToolsVersion = 12.1;
					};
				};
			};
			buildConfigurationList = 2D5B94E6256B93F5003DF4EB /* Build configuration list for PBXProject "TestGithub" */;
			compatibilityVersion = "Xcode 9.3";
			developmentRegion = en;
			hasScannedForEncodings = 0;
			knownRegions = (
				en,
				Base,
			);
			mainGroup = 2D5B94E2256B93F5003DF4EB;
			productRefGroup = 2D5B94EC256B93F5003DF4EB /* Products */;
			projectDirPath = "";
			projectRoot = "";
			targets = (
				2D5B94EA256B93F5003DF4EB /* TestGithub */,
			);
		};
/* End PBXProject section */

/* Begin PBXResourcesBuildPhase section */
		2D5B94E9256B93F5003DF4EB /* Resources */ = {
			isa = PBXResourcesBuildPhase;
			buildActionMask = 2147483647;
			files = (
				2D5B94FE256B93F8003DF4EB /* LaunchScreen.storyboard in Resources */,
				2D5B94FB256B93F8003DF4EB /* Assets.xcassets in Resources */,
				2D5B94F6256B93F5003DF4EB /* Main.storyboard in Resources */,
			);
			runOnlyForDeploymentPostprocessing = 0;
		};
/* End PBXResourcesBuildPhase section */

/* Begin PBXSourcesBuildPhase section */
		2D5B94E7256B93F5003DF4EB /* Sources */ = {
			isa = PBXSourcesBuildPhase;
			buildActionMask = 2147483647;
			files = (
				2D5B94F3256B93F5003DF4EB /* ViewController.swift in Sources */,
				2D5B94EF256B93F5003DF4EB /* AppDelegate.swift in Sources */,
				2D5B94F9256B93F5003DF4EB /* TestGithub.xcdatamodeld in Sources */,
				2D5B94F1256B93F5003DF4EB /* SceneDelegate.swift in Sources */,
			);
			runOnlyForDeploymentPostprocessing = 0;
		};
/* End PBXSourcesBuildPhase section */

/* Begin PBXVariantGroup section */
		2D5B94F4256B93F5003DF4EB /* Main.storyboard */ = {
			isa = PBXVariantGroup;
			children = (
				2D5B94F5256B93F5003DF4EB /* Base */,
			);
			name = Main.storyboard;
			sourceTree = "<group>";
		};
		2D5B94FC256B93F8003DF4EB /* LaunchScreen.storyboard */ = {
			isa = PBXVariantGroup;
			children = (
				2D5B94FD256B93F8003DF4EB /* Base */,
			);
			name = LaunchScreen.storyboard;
			sourceTree = "<group>";
		};
/* End PBXVariantGroup section */

/* Begin XCBuildConfiguration section */
		2D5B9500256B93F8003DF4EB /* Debug */ = {
			isa = XCBuildConfiguration;
			buildSettings = {
				ALWAYS_SEARCH_USER_PATHS = NO;
				CLANG_ANALYZER_NONNULL = YES;
				CLANG_ANALYZER_NUMBER_OBJECT_CONVERSION = YES_AGGRESSIVE;
				CLANG_CXX_LANGUAGE_STANDARD = "gnu++14";
				CLANG_CXX_LIBRARY = "libc++";
				CLANG_ENABLE_MODULES = YES;
				CLANG_ENABLE_OBJC_ARC = YES;
				CLANG_ENABLE_OBJC_WEAK = YES;
				CLANG_WARN_BLOCK_CAPTURE_AUTORELEASING = YES;
				CLANG_WARN_BOOL_CONVERSION = YES;
				CLANG_WARN_COMMA = YES;
				CLANG_WARN_CONSTANT_CONVERSION = YES;
				CLANG_WARN_DEPRECATED_OBJC_IMPLEMENTATIONS = YES;
				CLANG_WARN_DIRECT_OBJC_ISA_USAGE = YES_ERROR;
				CLANG_WARN_DOCUMENTATION_COMMENTS = YES;
				CLANG_WARN_EMPTY_BODY = YES;
				CLANG_WARN_ENUM_CONVERSION = YES;
				CLANG_WARN_INFINITE_RECURSION = YES;
				CLANG_WARN_INT_CONVERSION = YES;
				CLANG_WARN_NON_LITERAL_NULL_CONVERSION = YES;
				CLANG_WARN_OBJC_IMPLICIT_RETAIN_SELF = YES;
				CLANG_WARN_OBJC_LITERAL_CONVERSION = YES;
				CLANG_WARN_OBJC_ROOT_CLASS = YES_ERROR;
				CLANG_WARN_QUOTED_INCLUDE_IN_FRAMEWORK_HEADER = YES;
				CLANG_WARN_RANGE_LOOP_ANALYSIS = YES;
				CLANG_WARN_STRICT_PROTOTYPES = YES;
				CLANG_WARN_SUSPICIOUS_MOVE = YES;
				CLANG_WARN_UNGUARDED_AVAILABILITY = YES_AGGRESSIVE;
				CLANG_WARN_UNREACHABLE_CODE = YES;
				CLANG_WARN__DUPLICATE_METHOD_MATCH = YES;
				COPY_PHASE_STRIP = NO;
				DEBUG_INFORMATION_FORMAT = dwarf;
				ENABLE_STRICT_OBJC_MSGSEND = YES;
				ENABLE_TESTABILITY = YES;
				GCC_C_LANGUAGE_STANDARD = gnu11;
				GCC_DYNAMIC_NO_PIC = NO;
				GCC_NO_COMMON_BLOCKS = YES;
				GCC_OPTIMIZATION_LEVEL = 0;
				GCC_PREPROCESSOR_DEFINITIONS = (
					"DEBUG=1",
					"$(inherited)",
				);
				GCC_WARN_64_TO_32_BIT_CONVERSION = YES;
				GCC_WARN_ABOUT_RETURN_TYPE = YES_ERROR;
				GCC_WARN_UNDECLARED_SELECTOR = YES;
				GCC_WARN_UNINITIALIZED_AUTOS = YES_AGGRESSIVE;
				GCC_WARN_UNUSED_FUNCTION = YES;
				GCC_WARN_UNUSED_VARIABLE = YES;
				IPHONEOS_DEPLOYMENT_TARGET = 14.1;
				MTL_ENABLE_DEBUG_INFO = INCLUDE_SOURCE;
				MTL_FAST_MATH = YES;
				ONLY_ACTIVE_ARCH = YES;
				SDKROOT = iphoneos;
				SWIFT_ACTIVE_COMPILATION_CONDITIONS = DEBUG;
				SWIFT_OPTIMIZATION_LEVEL = "-Onone";
			};
			name = Debug;
		};
		2D5B9501256B93F8003DF4EB /* Release */ = {
			isa = XCBuildConfiguration;
			buildSettings = {
				ALWAYS_SEARCH_USER_PATHS = NO;
				CLANG_ANALYZER_NONNULL = YES;
				CLANG_ANALYZER_NUMBER_OBJECT_CONVERSION = YES_AGGRESSIVE;
				CLANG_CXX_LANGUAGE_STANDARD = "gnu++14";
				CLANG_CXX_LIBRARY = "libc++";
				CLANG_ENABLE_MODULES = YES;
				CLANG_ENABLE_OBJC_ARC = YES;
				CLANG_ENABLE_OBJC_WEAK = YES;
				CLANG_WARN_BLOCK_CAPTURE_AUTORELEASING = YES;
				CLANG_WARN_BOOL_CONVERSION = YES;
				CLANG_WARN_COMMA = YES;
				CLANG_WARN_CONSTANT_CONVERSION = YES;
				CLANG_WARN_DEPRECATED_OBJC_IMPLEMENTATIONS = YES;
				CLANG_WARN_DIRECT_OBJC_ISA_USAGE = YES_ERROR;
				CLANG_WARN_DOCUMENTATION_COMMENTS = YES;
				CLANG_WARN_EMPTY_BODY = YES;
				CLANG_WARN_ENUM_CONVERSION = YES;
				CLANG_WARN_INFINITE_RECURSION = YES;
				CLANG_WARN_INT_CONVERSION = YES;
				CLANG_WARN_NON_LITERAL_NULL_CONVERSION = YES;
				CLANG_WARN_OBJC_IMPLICIT_RETAIN_SELF = YES;
				CLANG_WARN_OBJC_LITERAL_CONVERSION = YES;
				CLANG_WARN_OBJC_ROOT_CLASS = YES_ERROR;
				CLANG_WARN_QUOTED_INCLUDE_IN_FRAMEWORK_HEADER = YES;
				CLANG_WARN_RANGE_LOOP_ANALYSIS = YES;
				CLANG_WARN_STRICT_PROTOTYPES = YES;
				CLANG_WARN_SUSPICIOUS_MOVE = YES;
				CLANG_WARN_UNGUARDED_AVAILABILITY = YES_AGGRESSIVE;
				CLANG_WARN_UNREACHABLE_CODE = YES;
				CLANG_WARN__DUPLICATE_METHOD_MATCH = YES;
				COPY_PHASE_STRIP = NO;
				DEBUG_INFORMATION_FORMAT = "dwarf-with-dsym";
				ENABLE_NS_ASSERTIONS = NO;
				ENABLE_STRICT_OBJC_MSGSEND = YES;
				GCC_C_LANGUAGE_STANDARD = gnu11;
				GCC_NO_COMMON_BLOCKS = YES;
				GCC_WARN_64_TO_32_BIT_CONVERSION = YES;
				GCC_WARN_ABOUT_RETURN_TYPE = YES_ERROR;
				GCC_WARN_UNDECLARED_SELECTOR = YES;
				GCC_WARN_UNINITIALIZED_AUTOS = YES_AGGRESSIVE;
				GCC_WARN_UNUSED_FUNCTION = YES;
				GCC_WARN_UNUSED_VARIABLE = YES;
				IPHONEOS_DEPLOYMENT_TARGET = 14.1;
				MTL_ENABLE_DEBUG_INFO = NO;
				MTL_FAST_MATH = YES;
				SDKROOT = iphoneos;
				SWIFT_COMPILATION_MODE = wholemodule;
				SWIFT_OPTIMIZATION_LEVEL = "-O";
				VALIDATE_PRODUCT = YES;
			};
			name = Release;
		};
		2D5B9503256B93F8003DF4EB /* Debug */ = {
			isa = XCBuildConfiguration;
			buildSettings = {
				ASSETCATALOG_COMPILER_APPICON_NAME = AppIcon;
				ASSETCATALOG_COMPILER_GLOBAL_ACCENT_COLOR_NAME = AccentColor;
				CODE_SIGN_STYLE = Automatic;
				DEVELOPMENT_TEAM = 8BP5933R8F;
				INFOPLIST_FILE = TestGithub/Info.plist;
				LD_RUNPATH_SEARCH_PATHS = (
					"$(inherited)",
					"@executable_path/Frameworks",
				);
				PRODUCT_BUNDLE_IDENTIFIER = com.mjcompony.TestGithub;
				PRODUCT_NAME = "$(TARGET_NAME)";
				SWIFT_VERSION = 5.0;
				TARGETED_DEVICE_FAMILY = "1,2";
			};
			name = Debug;
		};
		2D5B9504256B93F8003DF4EB /* Release */ = {
			isa = XCBuildConfiguration;
			buildSettings = {
				ASSETCATALOG_COMPILER_APPICON_NAME = AppIcon;
				ASSETCATALOG_COMPILER_GLOBAL_ACCENT_COLOR_NAME = AccentColor;
				CODE_SIGN_STYLE = Automatic;
				DEVELOPMENT_TEAM = 8BP5933R8F;
				INFOPLIST_FILE = TestGithub/Info.plist;
				LD_RUNPATH_SEARCH_PATHS = (
					"$(inherited)",
					"@executable_path/Frameworks",
				);
				PRODUCT_BUNDLE_IDENTIFIER = com.mjcompony.TestGithub;
				PRODUCT_NAME = "$(TARGET_NAME)";
				SWIFT_VERSION = 5.0;
				TARGETED_DEVICE_FAMILY = "1,2";
			};
			name = Release;
		};
/* End XCBuildConfiguration section */

/* Begin XCConfigurationList section */
		2D5B94E6256B93F5003DF4EB /* Build configuration list for PBXProject "TestGithub" */ = {
			isa = XCConfigurationList;
			buildConfigurations = (
				2D5B9500256B93F8003DF4EB /* Debug */,
				2D5B9501256B93F8003DF4EB /* Release */,
			);
			defaultConfigurationIsVisible = 0;
			defaultConfigurationName = Release;
		};
		2D5B9502256B93F8003DF4EB /* Build configuration list for PBXNativeTarget "TestGithub" */ = {
			isa = XCConfigurationList;
			buildConfigurations = (
				2D5B9503256B93F8003DF4EB /* Debug */,
				2D5B9504256B93F8003DF4EB /* Release */,
			);
			defaultConfigurationIsVisible = 0;
			defaultConfigurationName = Release;
		};
/* End XCConfigurationList section */

/* Begin XCVersionGroup section */
		2D5B94F7256B93F5003DF4EB /* TestGithub.xcdatamodeld */ = {
			isa = XCVersionGroup;
			children = (
				2D5B94F8256B93F5003DF4EB /* TestGithub.xcdatamodel */,
			);
			currentVersion = 2D5B94F8256B93F5003DF4EB /* TestGithub.xcdatamodel */;
			path = TestGithub.xcdatamodeld;
			sourceTree = "<group>";
			versionGroupType = wrapper.xcdatamodel;
		};
/* End XCVersionGroup section */
	};
	rootObject = 2D5B94E3256B93F5003DF4EB /* Project object */;
}
